
Microsoft Visual Studio Solution File, Format Version 12.00
# Visual Studio Version 17
VisualStudioVersion = 17.13.35919.96
MinimumVisualStudioVersion = 10.0.40219.1
Project("{2150E333-8FDC-42A3-9474-1A3956D46DE8}") = "FrontEnd", "FrontEnd", "{02EA681E-C7D8-13C7-8484-4AC65E1B71E8}"
EndProject
Project("{2150E333-8FDC-42A3-9474-1A3956D46DE8}") = "Gateway", "Gateway", "{873AD54D-DDD6-424C-B16C-1D7B1B49AE04}"
EndProject
Project("{2150E333-8FDC-42A3-9474-1A3956D46DE8}") = "Integration", "Integration", "{3A3DED73-001F-4E3E-AAEF-522E16F5D0B6}"
EndProject
Project("{2150E333-8FDC-42A3-9474-1A3956D46DE8}") = "Services", "Services", "{7EDE2C1A-783D-44C6-9380-8E42148F76BE}"
EndProject
Project("{FAE04EC0-301F-11D3-BF4B-00C04F79EFBC}") = "Mango.Services.CouponAPI", "Mango.Services.CouponAPI\Mango.Services.CouponAPI.csproj", "{44A2F99C-2F24-4CB2-8D23-B993AB9180DD}"
EndProject
Project("{FAE04EC0-301F-11D3-BF4B-00C04F79EFBC}") = "Mango.Web", "Mango.Web\Mango.Web.csproj", "{6FA8D1E5-CF72-4DFF-A3A0-8816FB34C6A0}"
EndProject
Project("{FAE04EC0-301F-11D3-BF4B-00C04F79EFBC}") = "Mango.Services.AuthAPI", "Mango.Services.AuthAPI\Mango.Services.AuthAPI.csproj", "{F8E6B1EE-9632-485B-B233-D6217CE0C913}"
EndProject
Global
	GlobalSection(SolutionConfigurationPlatforms) = preSolution
		Debug|Any CPU = Debug|Any CPU
		Release|Any CPU = Release|Any CPU
	EndGlobalSection
	GlobalSection(ProjectConfigurationPlatforms) = postSolution
		{44A2F99C-2F24-4CB2-8D23-B993AB9180DD}.Debug|Any CPU.ActiveCfg = Debug|Any CPU
		{44A2F99C-2F24-4CB2-8D23-B993AB9180DD}.Debug|Any CPU.Build.0 = Debug|Any CPU
		{44A2F99C-2F24-4CB2-8D23-B993AB9180DD}.Release|Any CPU.ActiveCfg = Release|Any CPU
		{44A2F99C-2F24-4CB2-8D23-B993AB9180DD}.Release|Any CPU.Build.0 = Release|Any CPU
		{6FA8D1E5-CF72-4DFF-A3A0-8816FB34C6A0}.Debug|Any CPU.ActiveCfg = Debug|Any CPU
		{6FA8D1E5-CF72-4DFF-A3A0-8816FB34C6A0}.Debug|Any CPU.Build.0 = Debug|Any CPU
		{6FA8D1E5-CF72-4DFF-A3A0-8816FB34C6A0}.Release|Any CPU.ActiveCfg = Release|Any CPU
		{6FA8D1E5-CF72-4DFF-A3A0-8816FB34C6A0}.Release|Any CPU.Build.0 = Release|Any CPU
		{F8E6B1EE-9632-485B-B233-D6217CE0C913}.Debug|Any CPU.ActiveCfg = Debug|Any CPU
		{F8E6B1EE-9632-485B-B233-D6217CE0C913}.Debug|Any CPU.Build.0 = Debug|Any CPU
		{F8E6B1EE-9632-485B-B233-D6217CE0C913}.Release|Any CPU.ActiveCfg = Release|Any CPU
		{F8E6B1EE-9632-485B-B233-D6217CE0C913}.Release|Any CPU.Build.0 = Release|Any CPU
	EndGlobalSection
	GlobalSection(SolutionProperties) = preSolution
		HideSolutionNode = FALSE
	EndGlobalSection
	GlobalSection(NestedProjects) = preSolution
		{44A2F99C-2F24-4CB2-8D23-B993AB9180DD} = {7EDE2C1A-783D-44C6-9380-8E42148F76BE}
		{6FA8D1E5-CF72-4DFF-A3A0-8816FB34C6A0} = {02EA681E-C7D8-13C7-8484-4AC65E1B71E8}
		{F8E6B1EE-9632-485B-B233-D6217CE0C913} = {7EDE2C1A-783D-44C6-9380-8E42148F76BE}
	EndGlobalSection
	GlobalSection(ExtensibilityGlobals) = postSolution
		SolutionGuid = {6BA48101-2C65-4773-B50E-2FF2329581DA}
	EndGlobalSection
EndGlobal
